github.com/samuel/go-zookeeper v0.0.0-20200724154423-2164a8ac840e h1:CGjiMQ0wMH4wtNWrlj6kiTbkPt2F3rbYnhGX6TWLfco=
github.com/samuel/go-zookeeper v0.0.0-20200724154423-2164a8ac840e/go.mod h1:gi+0XIa01GRL2eRQVjQkKGqKF3SF9vZR/HnPullcV2E=
golang.org/x/time v0.0.0-20200630173020-3af7569d3a1e h1:EHBhcS0mlXEAVwNyO2dLfjToGsyY4j24pTs2ScHnX7s=
golang.org/x/time v0.0.0-20200630173020-3af7569d3a1e/go.mod h1:tRJNPiyCQ0inRvYxbN9jk5I+vvW/OXSQhTDSoE431IQ=
